
Microsoft Visual Studio Solution File, Format Version 12.00
# Visual Studio Version 17
VisualStudioVersion = 17.8.34525.116
MinimumVisualStudioVersion = 10.0.40219.1
Project("{888888A0-9F3D-457C-B088-3A5042F75D52}") = "IAD", "IAD\IAD.pyproj", "{1DB80320-BE3A-41F2-9D3A-736B688FCEE5}"
EndProject
Global
	GlobalSection(SolutionConfigurationPlatforms) = preSolution
		Debug|Any CPU = Debug|Any CPU
		Release|Any CPU = Release|Any CPU
	EndGlobalSection
	GlobalSection(ProjectConfigurationPlatforms) = postSolution
		{1DB80320-BE3A-41F2-9D3A-736B688FCEE5}.Debug|Any CPU.ActiveCfg = Debug|Any CPU
		{1DB80320-BE3A-41F2-9D3A-736B688FCEE5}.Release|Any CPU.ActiveCfg = Release|Any CPU
	EndGlobalSection
	GlobalSection(SolutionProperties) = preSolution
		HideSolutionNode = FALSE
	EndGlobalSection
	GlobalSection(ExtensibilityGlobals) = postSolution
		SolutionGuid = {08A25747-8002-4C3F-BD4A-A6D20C598EEE}
	EndGlobalSection
EndGlobal
